
Microsoft Visual Studio Solution File, Format Version 12.00
# Visual Studio Version 16
VisualStudioVersion = 16.0.30804.86
MinimumVisualStudioVersion = 10.0.40219.1
Project("{9A19103F-16F7-4668-BE54-9A1E7A4F7556}") = "chat_application", "chat_application.csproj", "{D5BA4DFD-A174-44C4-AAE4-0D955B95F984}"
EndProject
Global
	GlobalSection(SolutionConfigurationPlatforms) = preSolution
		Debug|Any CPU = Debug|Any CPU
		Release|Any CPU = Release|Any CPU
	EndGlobalSection
	GlobalSection(ProjectConfigurationPlatforms) = postSolution
		{D5BA4DFD-A174-44C4-AAE4-0D955B95F984}.Debug|Any CPU.ActiveCfg = Debug|Any CPU
		{D5BA4DFD-A174-44C4-AAE4-0D955B95F984}.Debug|Any CPU.Build.0 = Debug|Any CPU
		{D5BA4DFD-A174-44C4-AAE4-0D955B95F984}.Release|Any CPU.ActiveCfg = Release|Any CPU
		{D5BA4DFD-A174-44C4-AAE4-0D955B95F984}.Release|Any CPU.Build.0 = Release|Any CPU
	EndGlobalSection
	GlobalSection(SolutionProperties) = preSolution
		HideSolutionNode = FALSE
	EndGlobalSection
	GlobalSection(ExtensibilityGlobals) = postSolution
		SolutionGuid = {B8655F8C-AA02-4B6F-8D09-D915B110BBF5}
	EndGlobalSection
EndGlobal
